
Microsoft Visual Studio Solution File, Format Version 12.00
# Visual Studio 15
VisualStudioVersion = 15.0.27703.2042
MinimumVisualStudioVersion = 10.0.40219.1
Project("{159641D6-6404-4A2A-AE62-294DE0FE8301}") = "NS_Sales_Data_Load", "NS_Sales_Data_Load\NS_Sales_Data_Load.dtproj", "{253C892E-77EB-4A1F-BEC0-E90CBE67AE71}"
EndProject
Global
	GlobalSection(SolutionConfigurationPlatforms) = preSolution
		Development|Default = Development|Default
	EndGlobalSection
	GlobalSection(ProjectConfigurationPlatforms) = postSolution
		{253C892E-77EB-4A1F-BEC0-E90CBE67AE71}.Development|Default.ActiveCfg = Development
		{253C892E-77EB-4A1F-BEC0-E90CBE67AE71}.Development|Default.Build.0 = Development
	EndGlobalSection
	GlobalSection(SolutionProperties) = preSolution
		HideSolutionNode = FALSE
	EndGlobalSection
	GlobalSection(ExtensibilityGlobals) = postSolution
		SolutionGuid = {9B483FC8-DDC3-4AEC-94C5-AE8ECBACE01D}
	EndGlobalSection
EndGlobal
