
Microsoft Visual Studio Solution File, Format Version 12.00
# Visual Studio 15
VisualStudioVersion = 15.0.27703.2047
MinimumVisualStudioVersion = 10.0.40219.1
Project("{159641D6-6404-4A2A-AE62-294DE0FE8301}") = "cnv_packages", "cnv_packages\cnv_packages.dtproj", "{A0002BB1-3E3D-4CD3-A6F7-6072A92A7089}"
EndProject
Global
	GlobalSection(SolutionConfigurationPlatforms) = preSolution
		Development|Default = Development|Default
	EndGlobalSection
	GlobalSection(ProjectConfigurationPlatforms) = postSolution
		{A0002BB1-3E3D-4CD3-A6F7-6072A92A7089}.Development|Default.ActiveCfg = Development
		{A0002BB1-3E3D-4CD3-A6F7-6072A92A7089}.Development|Default.Build.0 = Development
	EndGlobalSection
	GlobalSection(SolutionProperties) = preSolution
		HideSolutionNode = FALSE
	EndGlobalSection
	GlobalSection(ExtensibilityGlobals) = postSolution
		SolutionGuid = {77DACEC4-950C-424B-A146-069469EBF006}
	EndGlobalSection
EndGlobal
