
Microsoft Visual Studio Solution File, Format Version 12.00
# Visual Studio 15
VisualStudioVersion = 15.0.27703.2047
MinimumVisualStudioVersion = 10.0.40219.1
Project("{159641D6-6404-4A2A-AE62-294DE0FE8301}") = "Conversion File Processing", "Conversion File Processing\Conversion File Processing.dtproj", "{17871069-334D-4EB5-BB6F-643400248F44}"
EndProject
Global
	GlobalSection(SolutionConfigurationPlatforms) = preSolution
		Development|Default = Development|Default
	EndGlobalSection
	GlobalSection(ProjectConfigurationPlatforms) = postSolution
		{17871069-334D-4EB5-BB6F-643400248F44}.Development|Default.ActiveCfg = Development
		{17871069-334D-4EB5-BB6F-643400248F44}.Development|Default.Build.0 = Development
	EndGlobalSection
	GlobalSection(SolutionProperties) = preSolution
		HideSolutionNode = FALSE
	EndGlobalSection
	GlobalSection(ExtensibilityGlobals) = postSolution
		SolutionGuid = {93F3C151-2740-44C3-B307-774A502AE28B}
	EndGlobalSection
EndGlobal
