
Microsoft Visual Studio Solution File, Format Version 12.00
# Visual Studio 15
VisualStudioVersion = 15.0.27703.2047
MinimumVisualStudioVersion = 10.0.40219.1
Project("{159641D6-6404-4A2A-AE62-294DE0FE8301}") = "SSIS_APO", "SSIS_APO.dtproj", "{55D7EC87-7D70-4DFC-AC0A-163697999313}"
EndProject
Global
	GlobalSection(SolutionConfigurationPlatforms) = preSolution
		Development|Default = Development|Default
	EndGlobalSection
	GlobalSection(ProjectConfigurationPlatforms) = postSolution
		{55D7EC87-7D70-4DFC-AC0A-163697999313}.Development|Default.ActiveCfg = Development
		{55D7EC87-7D70-4DFC-AC0A-163697999313}.Development|Default.Build.0 = Development
	EndGlobalSection
	GlobalSection(SolutionProperties) = preSolution
		HideSolutionNode = FALSE
	EndGlobalSection
	GlobalSection(ExtensibilityGlobals) = postSolution
		SolutionGuid = {7F609145-F0A9-4FDE-B54F-90591571C63A}
	EndGlobalSection
EndGlobal
