
Microsoft Visual Studio Solution File, Format Version 12.00
# Visual Studio 15
VisualStudioVersion = 15.0.27703.2047
MinimumVisualStudioVersion = 10.0.40219.1
Project("{159641D6-6404-4A2A-AE62-294DE0FE8301}") = "SHO MSSQL Loads", "SHO MSSQL Loads\SHO MSSQL Loads.dtproj", "{C184C810-68D1-4CAE-9CD5-AC0919FEC25B}"
EndProject
Global
	GlobalSection(SolutionConfigurationPlatforms) = preSolution
		Development|Default = Development|Default
	EndGlobalSection
	GlobalSection(ProjectConfigurationPlatforms) = postSolution
		{C184C810-68D1-4CAE-9CD5-AC0919FEC25B}.Development|Default.ActiveCfg = Development
		{C184C810-68D1-4CAE-9CD5-AC0919FEC25B}.Development|Default.Build.0 = Development
	EndGlobalSection
	GlobalSection(SolutionProperties) = preSolution
		HideSolutionNode = FALSE
	EndGlobalSection
	GlobalSection(ExtensibilityGlobals) = postSolution
		SolutionGuid = {B5B88F24-E272-4614-BF9D-BF7BFD67B1FD}
	EndGlobalSection
EndGlobal
