
Microsoft Visual Studio Solution File, Format Version 12.00
# Visual Studio 15
VisualStudioVersion = 15.0.27703.2047
MinimumVisualStudioVersion = 10.0.40219.1
Project("{159641D6-6404-4A2A-AE62-294DE0FE8301}") = "fact_sho_sales_tables", "fact_sho_sales_tables\fact_sho_sales_tables.dtproj", "{E68AB3A1-FF20-47A7-89EA-DFA2A86BC168}"
EndProject
Global
	GlobalSection(SolutionConfigurationPlatforms) = preSolution
		Development|Default = Development|Default
	EndGlobalSection
	GlobalSection(ProjectConfigurationPlatforms) = postSolution
		{E68AB3A1-FF20-47A7-89EA-DFA2A86BC168}.Development|Default.ActiveCfg = Development
		{E68AB3A1-FF20-47A7-89EA-DFA2A86BC168}.Development|Default.Build.0 = Development
	EndGlobalSection
	GlobalSection(SolutionProperties) = preSolution
		HideSolutionNode = FALSE
	EndGlobalSection
	GlobalSection(ExtensibilityGlobals) = postSolution
		SolutionGuid = {E113D91D-276E-4704-BA37-B44E6DDDE621}
	EndGlobalSection
EndGlobal
