
Microsoft Visual Studio Solution File, Format Version 12.00
# Visual Studio 15
VisualStudioVersion = 15.0.27703.2035
MinimumVisualStudioVersion = 10.0.40219.1
Project("{159641D6-6404-4A2A-AE62-294DE0FE8301}") = "Location_Dim", "Location_Dim\Location_Dim.dtproj", "{2013F1EA-7556-46B9-93A8-411D0E3D3BB4}"
EndProject
Global
	GlobalSection(SolutionConfigurationPlatforms) = preSolution
		Development|Default = Development|Default
	EndGlobalSection
	GlobalSection(ProjectConfigurationPlatforms) = postSolution
		{2013F1EA-7556-46B9-93A8-411D0E3D3BB4}.Development|Default.ActiveCfg = Development
		{2013F1EA-7556-46B9-93A8-411D0E3D3BB4}.Development|Default.Build.0 = Development
	EndGlobalSection
	GlobalSection(SolutionProperties) = preSolution
		HideSolutionNode = FALSE
	EndGlobalSection
	GlobalSection(ExtensibilityGlobals) = postSolution
		SolutionGuid = {00479C46-E742-4F58-B6C8-D537D663FFEF}
	EndGlobalSection
EndGlobal
