
Microsoft Visual Studio Solution File, Format Version 12.00
# Visual Studio 15
VisualStudioVersion = 15.0.27703.2047
MinimumVisualStudioVersion = 10.0.40219.1
Project("{159641D6-6404-4A2A-AE62-294DE0FE8301}") = "fact_sho_sales_plan_tables", "fact_sho_sales_plan\fact_sho_sales_plan_tables.dtproj", "{552F4E72-3A53-44CC-8D7D-E2BF31D66B6C}"
EndProject
Global
	GlobalSection(SolutionConfigurationPlatforms) = preSolution
		Development|Default = Development|Default
	EndGlobalSection
	GlobalSection(ProjectConfigurationPlatforms) = postSolution
		{552F4E72-3A53-44CC-8D7D-E2BF31D66B6C}.Development|Default.ActiveCfg = Development
		{552F4E72-3A53-44CC-8D7D-E2BF31D66B6C}.Development|Default.Build.0 = Development
	EndGlobalSection
	GlobalSection(SolutionProperties) = preSolution
		HideSolutionNode = FALSE
	EndGlobalSection
	GlobalSection(ExtensibilityGlobals) = postSolution
		SolutionGuid = {EAC5CB1E-34E4-412C-AE34-9B688968B9CB}
	EndGlobalSection
EndGlobal
